
Microsoft Visual Studio Solution File, Format Version 12.00
# Visual Studio Version 17
VisualStudioVersion = 17.0.31903.59
MinimumVisualStudioVersion = 10.0.40219.1
Project("{FAE04EC0-301F-11D3-BF4B-00C04F79EFBC}") = "JsonSerializerContextGenerator", "JsonSerializerContextGenerator.csproj", "{98956F27-05ED-476B-AE70-E0DF4089FC4B}"
EndProject
Global
	GlobalSection(SolutionConfigurationPlatforms) = preSolution
		Debug|Any CPU = Debug|Any CPU
		Release|Any CPU = Release|Any CPU
	EndGlobalSection
	GlobalSection(ProjectConfigurationPlatforms) = postSolution
		{98956F27-05ED-476B-AE70-E0DF4089FC4B}.Debug|Any CPU.ActiveCfg = Debug|Any CPU
		{98956F27-05ED-476B-AE70-E0DF4089FC4B}.Debug|Any CPU.Build.0 = Debug|Any CPU
		{98956F27-05ED-476B-AE70-E0DF4089FC4B}.Release|Any CPU.ActiveCfg = Release|Any CPU
		{98956F27-05ED-476B-AE70-E0DF4089FC4B}.Release|Any CPU.Build.0 = Release|Any CPU
	EndGlobalSection
	GlobalSection(SolutionProperties) = preSolution
		HideSolutionNode = FALSE
	EndGlobalSection
	GlobalSection(ExtensibilityGlobals) = postSolution
		SolutionGuid = {29B8425B-6B88-41DF-A76A-671009E26293}
	EndGlobalSection
EndGlobal
